{
  "name": "breaking-node-demo",
  "version": "1.0.0",
  "lockfileVersion": 2,
  "requires": true,
  "packages": {
    "": {
      "name": "breaking-node-demo",
      "version": "1.0.0",
      "dependencies": {
        "express": "^4.17.1"
      }
    },
    "node_modules/express": {
      "version": "4.17.1",
      "resolved": "https://registry.npmjs.org/express/-/express-4.17.1.tgz",
      "integrity": "sha512-mHJ9O79RqluphRrcw2X/GTh3k9tVv8YcoyY4Kkh4WSC65XWlGIz//YfR2F1qE80uYl2FvBw0R/A88R8Q==",
      "engines": {
        "node": ">= 0.10.0"
      }
    }
  }
}
